{
  "originHash" : "681738dc0ef921a9906308f976e70190825d90287fa57b9b3c38a1c0b6dd4f21",
  "pins" : [
    {
      "identity" : "brick_swiftui",
      "kind" : "remoteSourceControl",
      "location" : "https://github.com/zjinhu/Brick_SwiftUI.git",
      "state" : {
        "revision" : "b4584310425d573203a32c1cedee5a5525b5fef1",
        "version" : "0.3.8"
      }
    }
  ],
  "version" : 3
}
