// !$*UTF8*$!
{
	archiveVersion = 1;
	classes = {
	};
	objectVersion = 60;
	objects = {

/* Begin PBXBuildFile section */
		8C9127812C2AD1860010A7FD /* ImageCropApp.swift in Sources */ = {isa = PBXBuildFile; fileRef = 8C9127802C2AD1860010A7FD /* ImageCropApp.swift */; };
		8C9127832C2AD1860010A7FD /* ContentView.swift in Sources */ = {isa = PBXBuildFile; fileRef = 8C9127822C2AD1860010A7FD /* ContentView.swift */; };
		8C9127852C2AD1870010A7FD /* Assets.xcassets in Resources */ = {isa = PBXBuildFile; fileRef = 8C9127842C2AD1870010A7FD /* Assets.xcassets */; };
		8C9127882C2AD1870010A7FD /* Preview Assets.xcassets in Resources */ = {isa = PBXBuildFile; fileRef = 8C9127872C2AD1870010A7FD /* Preview Assets.xcassets */; };
		8CBE8F282C2E663600E2FCDA /* gif4.gif in Resources */ = {isa = PBXBuildFile; fileRef = 8CBE8F272C2E663600E2FCDA /* gif4.gif */; };
		8CBE8F322C2EADDE00E2FCDA /* gif3.gif in Resources */ = {isa = PBXBuildFile; fileRef = 8CBE8F312C2EADDE00E2FCDA /* gif3.gif */; };
		8CE88EA92C3505D600765FC3 /* CropGIF.swift in Sources */ = {isa = PBXBuildFile; fileRef = 8CE88E8F2C3505D600765FC3 /* CropGIF.swift */; };
		8CE88EAA2C3505D600765FC3 /* CropImageView.swift in Sources */ = {isa = PBXBuildFile; fileRef = 8CE88E902C3505D600765FC3 /* CropImageView.swift */; };
		8CE88EAD2C3505D600765FC3 /* TrimLineView.swift in Sources */ = {isa = PBXBuildFile; fileRef = 8CE88E932C3505D600765FC3 /* TrimLineView.swift */; };
		8CE88EAE2C3505D600765FC3 /* DefaultHorizontalValueView.swift in Sources */ = {isa = PBXBuildFile; fileRef = 8CE88E952C3505D600765FC3 /* DefaultHorizontalValueView.swift */; };
		8CE88EAF2C3505D600765FC3 /* EnvironmentValues+RangeTrackConfiguration.swift in Sources */ = {isa = PBXBuildFile; fileRef = 8CE88E962C3505D600765FC3 /* EnvironmentValues+RangeTrackConfiguration.swift */; };
		8CE88EB02C3505D600765FC3 /* EnvironmentValues+TrackRange.swift in Sources */ = {isa = PBXBuildFile; fileRef = 8CE88E972C3505D600765FC3 /* EnvironmentValues+TrackRange.swift */; };
		8CE88EB12C3505D600765FC3 /* HorizontalRangeTrack.swift in Sources */ = {isa = PBXBuildFile; fileRef = 8CE88E982C3505D600765FC3 /* HorizontalRangeTrack.swift */; };
		8CE88EB22C3505D600765FC3 /* RangeTrackConfiguration.swift in Sources */ = {isa = PBXBuildFile; fileRef = 8CE88E992C3505D600765FC3 /* RangeTrackConfiguration.swift */; };
		8CE88EB32C3505D600765FC3 /* AnyRangeSliderStyle.swift in Sources */ = {isa = PBXBuildFile; fileRef = 8CE88E9B2C3505D600765FC3 /* AnyRangeSliderStyle.swift */; };
		8CE88EB42C3505D600765FC3 /* DefaultThumb.swift in Sources */ = {isa = PBXBuildFile; fileRef = 8CE88E9C2C3505D600765FC3 /* DefaultThumb.swift */; };
		8CE88EB52C3505D600765FC3 /* EnvironmentValues+RangeSliderStyle.swift in Sources */ = {isa = PBXBuildFile; fileRef = 8CE88E9D2C3505D600765FC3 /* EnvironmentValues+RangeSliderStyle.swift */; };
		8CE88EB62C3505D600765FC3 /* HorizontalRangeSliderStyle.swift in Sources */ = {isa = PBXBuildFile; fileRef = 8CE88E9E2C3505D600765FC3 /* HorizontalRangeSliderStyle.swift */; };
		8CE88EB72C3505D600765FC3 /* LinearRangeMath.swift in Sources */ = {isa = PBXBuildFile; fileRef = 8CE88E9F2C3505D600765FC3 /* LinearRangeMath.swift */; };
		8CE88EB82C3505D600765FC3 /* LinearValueMath.swift in Sources */ = {isa = PBXBuildFile; fileRef = 8CE88EA02C3505D600765FC3 /* LinearValueMath.swift */; };
		8CE88EB92C3505D600765FC3 /* RangeSliderStyle.swift in Sources */ = {isa = PBXBuildFile; fileRef = 8CE88EA12C3505D600765FC3 /* RangeSliderStyle.swift */; };
		8CE88EBA2C3505D600765FC3 /* RangeSliderStyleConfiguration.swift in Sources */ = {isa = PBXBuildFile; fileRef = 8CE88EA22C3505D600765FC3 /* RangeSliderStyleConfiguration.swift */; };
		8CE88EBB2C3505D600765FC3 /* RangeSlider.swift in Sources */ = {isa = PBXBuildFile; fileRef = 8CE88EA42C3505D600765FC3 /* RangeSlider.swift */; };
		8CE88EBC2C3505D600765FC3 /* RangeSliderOptions.swift in Sources */ = {isa = PBXBuildFile; fileRef = 8CE88EA52C3505D600765FC3 /* RangeSliderOptions.swift */; };
		8CE88EBD2C3505D600765FC3 /* View+.swift in Sources */ = {isa = PBXBuildFile; fileRef = 8CE88EA72C3505D600765FC3 /* View+.swift */; };
		8CE88EF22C35307900765FC3 /* BrickKit in Frameworks */ = {isa = PBXBuildFile; productRef = 8CE88EF12C35307900765FC3 /* BrickKit */; };
/* End PBXBuildFile section */

/* Begin PBXFileReference section */
		8C91277D2C2AD1860010A7FD /* ImageCrop.app */ = {isa = PBXFileReference; explicitFileType = wrapper.application; includeInIndex = 0; path = ImageCrop.app; sourceTree = BUILT_PRODUCTS_DIR; };
		8C9127802C2AD1860010A7FD /* ImageCropApp.swift */ = {isa = PBXFileReference; lastKnownFileType = sourcecode.swift; path = ImageCropApp.swift; sourceTree = "<group>"; };
		8C9127822C2AD1860010A7FD /* ContentView.swift */ = {isa = PBXFileReference; lastKnownFileType = sourcecode.swift; path = ContentView.swift; sourceTree = "<group>"; };
		8C9127842C2AD1870010A7FD /* Assets.xcassets */ = {isa = PBXFileReference; lastKnownFileType = folder.assetcatalog; path = Assets.xcassets; sourceTree = "<group>"; };
		8C9127872C2AD1870010A7FD /* Preview Assets.xcassets */ = {isa = PBXFileReference; lastKnownFileType = folder.assetcatalog; path = "Preview Assets.xcassets"; sourceTree = "<group>"; };
		8CBE8F272C2E663600E2FCDA /* gif4.gif */ = {isa = PBXFileReference; lastKnownFileType = image.gif; path = gif4.gif; sourceTree = "<group>"; };
		8CBE8F312C2EADDE00E2FCDA /* gif3.gif */ = {isa = PBXFileReference; lastKnownFileType = image.gif; path = gif3.gif; sourceTree = "<group>"; };
		8CE88E8F2C3505D600765FC3 /* CropGIF.swift */ = {isa = PBXFileReference; fileEncoding = 4; lastKnownFileType = sourcecode.swift; path = CropGIF.swift; sourceTree = "<group>"; };
		8CE88E902C3505D600765FC3 /* CropImageView.swift */ = {isa = PBXFileReference; fileEncoding = 4; lastKnownFileType = sourcecode.swift; path = CropImageView.swift; sourceTree = "<group>"; };
		8CE88E932C3505D600765FC3 /* TrimLineView.swift */ = {isa = PBXFileReference; fileEncoding = 4; lastKnownFileType = sourcecode.swift; path = TrimLineView.swift; sourceTree = "<group>"; };
		8CE88E952C3505D600765FC3 /* DefaultHorizontalValueView.swift */ = {isa = PBXFileReference; fileEncoding = 4; lastKnownFileType = sourcecode.swift; path = DefaultHorizontalValueView.swift; sourceTree = "<group>"; };
		8CE88E962C3505D600765FC3 /* EnvironmentValues+RangeTrackConfiguration.swift */ = {isa = PBXFileReference; fileEncoding = 4; lastKnownFileType = sourcecode.swift; path = "EnvironmentValues+RangeTrackConfiguration.swift"; sourceTree = "<group>"; };
		8CE88E972C3505D600765FC3 /* EnvironmentValues+TrackRange.swift */ = {isa = PBXFileReference; fileEncoding = 4; lastKnownFileType = sourcecode.swift; path = "EnvironmentValues+TrackRange.swift"; sourceTree = "<group>"; };
		8CE88E982C3505D600765FC3 /* HorizontalRangeTrack.swift */ = {isa = PBXFileReference; fileEncoding = 4; lastKnownFileType = sourcecode.swift; path = HorizontalRangeTrack.swift; sourceTree = "<group>"; };
		8CE88E992C3505D600765FC3 /* RangeTrackConfiguration.swift */ = {isa = PBXFileReference; fileEncoding = 4; lastKnownFileType = sourcecode.swift; path = RangeTrackConfiguration.swift; sourceTree = "<group>"; };
		8CE88E9B2C3505D600765FC3 /* AnyRangeSliderStyle.swift */ = {isa = PBXFileReference; fileEncoding = 4; lastKnownFileType = sourcecode.swift; path = AnyRangeSliderStyle.swift; sourceTree = "<group>"; };
		8CE88E9C2C3505D600765FC3 /* DefaultThumb.swift */ = {isa = PBXFileReference; fileEncoding = 4; lastKnownFileType = sourcecode.swift; path = DefaultThumb.swift; sourceTree = "<group>"; };
		8CE88E9D2C3505D600765FC3 /* EnvironmentValues+RangeSliderStyle.swift */ = {isa = PBXFileReference; fileEncoding = 4; lastKnownFileType = sourcecode.swift; path = "EnvironmentValues+RangeSliderStyle.swift"; sourceTree = "<group>"; };
		8CE88E9E2C3505D600765FC3 /* HorizontalRangeSliderStyle.swift */ = {isa = PBXFileReference; fileEncoding = 4; lastKnownFileType = sourcecode.swift; path = HorizontalRangeSliderStyle.swift; sourceTree = "<group>"; };
		8CE88E9F2C3505D600765FC3 /* LinearRangeMath.swift */ = {isa = PBXFileReference; fileEncoding = 4; lastKnownFileType = sourcecode.swift; path = LinearRangeMath.swift; sourceTree = "<group>"; };
		8CE88EA02C3505D600765FC3 /* LinearValueMath.swift */ = {isa = PBXFileReference; fileEncoding = 4; lastKnownFileType = sourcecode.swift; path = LinearValueMath.swift; sourceTree = "<group>"; };
		8CE88EA12C3505D600765FC3 /* RangeSliderStyle.swift */ = {isa = PBXFileReference; fileEncoding = 4; lastKnownFileType = sourcecode.swift; path = RangeSliderStyle.swift; sourceTree = "<group>"; };
		8CE88EA22C3505D600765FC3 /* RangeSliderStyleConfiguration.swift */ = {isa = PBXFileReference; fileEncoding = 4; lastKnownFileType = sourcecode.swift; path = RangeSliderStyleConfiguration.swift; sourceTree = "<group>"; };
		8CE88EA42C3505D600765FC3 /* RangeSlider.swift */ = {isa = PBXFileReference; fileEncoding = 4; lastKnownFileType = sourcecode.swift; path = RangeSlider.swift; sourceTree = "<group>"; };
		8CE88EA52C3505D600765FC3 /* RangeSliderOptions.swift */ = {isa = PBXFileReference; fileEncoding = 4; lastKnownFileType = sourcecode.swift; path = RangeSliderOptions.swift; sourceTree = "<group>"; };
		8CE88EA72C3505D600765FC3 /* View+.swift */ = {isa = PBXFileReference; fileEncoding = 4; lastKnownFileType = sourcecode.swift; path = "View+.swift"; sourceTree = "<group>"; };
/* End PBXFileReference section */

/* Begin PBXFrameworksBuildPhase section */
		8C91277A2C2AD1860010A7FD /* Frameworks */ = {
			isa = PBXFrameworksBuildPhase;
			buildActionMask = 2147483647;
			files = (
				8CE88EF22C35307900765FC3 /* BrickKit in Frameworks */,
			);
			runOnlyForDeploymentPostprocessing = 0;
		};
/* End PBXFrameworksBuildPhase section */

/* Begin PBXGroup section */
		8C19FB422C328D47009EB0C9 /* Frameworks */ = {
			isa = PBXGroup;
			children = (
			);
			name = Frameworks;
			sourceTree = "<group>";
		};
		8C9127742C2AD1860010A7FD = {
			isa = PBXGroup;
			children = (
				8C91277F2C2AD1860010A7FD /* ImageCrop */,
				8C91277E2C2AD1860010A7FD /* Products */,
				8C19FB422C328D47009EB0C9 /* Frameworks */,
			);
			sourceTree = "<group>";
		};
		8C91277E2C2AD1860010A7FD /* Products */ = {
			isa = PBXGroup;
			children = (
				8C91277D2C2AD1860010A7FD /* ImageCrop.app */,
			);
			name = Products;
			sourceTree = "<group>";
		};
		8C91277F2C2AD1860010A7FD /* ImageCrop */ = {
			isa = PBXGroup;
			children = (
				8CE88EA82C3505D600765FC3 /* GifCrop_SwiftUI */,
				8CE88E602C33B7EE00765FC3 /* Images */,
				8C9127802C2AD1860010A7FD /* ImageCropApp.swift */,
				8C9127822C2AD1860010A7FD /* ContentView.swift */,
				8C9127842C2AD1870010A7FD /* Assets.xcassets */,
				8C9127862C2AD1870010A7FD /* Preview Content */,
			);
			path = ImageCrop;
			sourceTree = "<group>";
		};
		8C9127862C2AD1870010A7FD /* Preview Content */ = {
			isa = PBXGroup;
			children = (
				8C9127872C2AD1870010A7FD /* Preview Assets.xcassets */,
			);
			path = "Preview Content";
			sourceTree = "<group>";
		};
		8CE88E602C33B7EE00765FC3 /* Images */ = {
			isa = PBXGroup;
			children = (
				8CBE8F272C2E663600E2FCDA /* gif4.gif */,
				8CBE8F312C2EADDE00E2FCDA /* gif3.gif */,
			);
			path = Images;
			sourceTree = "<group>";
		};
		8CE88E942C3505D600765FC3 /* CropGif */ = {
			isa = PBXGroup;
			children = (
				8CE88E8F2C3505D600765FC3 /* CropGIF.swift */,
				8CE88E902C3505D600765FC3 /* CropImageView.swift */,
				8CE88E932C3505D600765FC3 /* TrimLineView.swift */,
			);
			path = CropGif;
			sourceTree = "<group>";
		};
		8CE88E9A2C3505D600765FC3 /* RangeTrack */ = {
			isa = PBXGroup;
			children = (
				8CE88E952C3505D600765FC3 /* DefaultHorizontalValueView.swift */,
				8CE88E962C3505D600765FC3 /* EnvironmentValues+RangeTrackConfiguration.swift */,
				8CE88E972C3505D600765FC3 /* EnvironmentValues+TrackRange.swift */,
				8CE88E982C3505D600765FC3 /* HorizontalRangeTrack.swift */,
				8CE88E992C3505D600765FC3 /* RangeTrackConfiguration.swift */,
			);
			path = RangeTrack;
			sourceTree = "<group>";
		};
		8CE88EA32C3505D600765FC3 /* Style */ = {
			isa = PBXGroup;
			children = (
				8CE88E9B2C3505D600765FC3 /* AnyRangeSliderStyle.swift */,
				8CE88E9C2C3505D600765FC3 /* DefaultThumb.swift */,
				8CE88E9D2C3505D600765FC3 /* EnvironmentValues+RangeSliderStyle.swift */,
				8CE88E9E2C3505D600765FC3 /* HorizontalRangeSliderStyle.swift */,
				8CE88E9F2C3505D600765FC3 /* LinearRangeMath.swift */,
				8CE88EA02C3505D600765FC3 /* LinearValueMath.swift */,
				8CE88EA12C3505D600765FC3 /* RangeSliderStyle.swift */,
				8CE88EA22C3505D600765FC3 /* RangeSliderStyleConfiguration.swift */,
			);
			path = Style;
			sourceTree = "<group>";
		};
		8CE88EA62C3505D600765FC3 /* RangeSlider */ = {
			isa = PBXGroup;
			children = (
				8CE88E9A2C3505D600765FC3 /* RangeTrack */,
				8CE88EA32C3505D600765FC3 /* Style */,
				8CE88EA42C3505D600765FC3 /* RangeSlider.swift */,
				8CE88EA52C3505D600765FC3 /* RangeSliderOptions.swift */,
			);
			path = RangeSlider;
			sourceTree = "<group>";
		};
		8CE88EA82C3505D600765FC3 /* GifCrop_SwiftUI */ = {
			isa = PBXGroup;
			children = (
				8CE88E942C3505D600765FC3 /* CropGif */,
				8CE88EA62C3505D600765FC3 /* RangeSlider */,
				8CE88EA72C3505D600765FC3 /* View+.swift */,
			);
			name = GifCrop_SwiftUI;
			path = ../../Sources/GifCrop_SwiftUI;
			sourceTree = "<group>";
		};
/* End PBXGroup section */

/* Begin PBXNativeTarget section */
		8C91277C2C2AD1860010A7FD /* ImageCrop */ = {
			isa = PBXNativeTarget;
			buildConfigurationList = 8C91278B2C2AD1870010A7FD /* Build configuration list for PBXNativeTarget "ImageCrop" */;
			buildPhases = (
				8C9127792C2AD1860010A7FD /* Sources */,
				8C91277A2C2AD1860010A7FD /* Frameworks */,
				8C91277B2C2AD1860010A7FD /* Resources */,
			);
			buildRules = (
			);
			dependencies = (
			);
			name = ImageCrop;
			packageProductDependencies = (
				8CE88EF12C35307900765FC3 /* BrickKit */,
			);
			productName = ImageCrop;
			productReference = 8C91277D2C2AD1860010A7FD /* ImageCrop.app */;
			productType = "com.apple.product-type.application";
		};
/* End PBXNativeTarget section */

/* Begin PBXProject section */
		8C9127752C2AD1860010A7FD /* Project object */ = {
			isa = PBXProject;
			attributes = {
				BuildIndependentTargetsInParallel = 1;
				LastSwiftUpdateCheck = 1540;
				LastUpgradeCheck = 1540;
				TargetAttributes = {
					8C91277C2C2AD1860010A7FD = {
						CreatedOnToolsVersion = 15.4;
					};
				};
			};
			buildConfigurationList = 8C9127782C2AD1860010A7FD /* Build configuration list for PBXProject "ImageCrop" */;
			compatibilityVersion = "Xcode 14.0";
			developmentRegion = en;
			hasScannedForEncodings = 0;
			knownRegions = (
				en,
				Base,
			);
			mainGroup = 8C9127742C2AD1860010A7FD;
			packageReferences = (
				8CE88EF02C35307900765FC3 /* XCLocalSwiftPackageReference "../../Brick_SwiftUI" */,
			);
			productRefGroup = 8C91277E2C2AD1860010A7FD /* Products */;
			projectDirPath = "";
			projectRoot = "";
			targets = (
				8C91277C2C2AD1860010A7FD /* ImageCrop */,
			);
		};
/* End PBXProject section */

/* Begin PBXResourcesBuildPhase section */
		8C91277B2C2AD1860010A7FD /* Resources */ = {
			isa = PBXResourcesBuildPhase;
			buildActionMask = 2147483647;
			files = (
				8CBE8F322C2EADDE00E2FCDA /* gif3.gif in Resources */,
				8CBE8F282C2E663600E2FCDA /* gif4.gif in Resources */,
				8C9127882C2AD1870010A7FD /* Preview Assets.xcassets in Resources */,
				8C9127852C2AD1870010A7FD /* Assets.xcassets in Resources */,
			);
			runOnlyForDeploymentPostprocessing = 0;
		};
/* End PBXResourcesBuildPhase section */

/* Begin PBXSourcesBuildPhase section */
		8C9127792C2AD1860010A7FD /* Sources */ = {
			isa = PBXSourcesBuildPhase;
			buildActionMask = 2147483647;
			files = (
				8CE88EB42C3505D600765FC3 /* DefaultThumb.swift in Sources */,
				8CE88EAA2C3505D600765FC3 /* CropImageView.swift in Sources */,
				8CE88EB02C3505D600765FC3 /* EnvironmentValues+TrackRange.swift in Sources */,
				8CE88EB72C3505D600765FC3 /* LinearRangeMath.swift in Sources */,
				8CE88EBD2C3505D600765FC3 /* View+.swift in Sources */,
				8C9127832C2AD1860010A7FD /* ContentView.swift in Sources */,
				8CE88EB32C3505D600765FC3 /* AnyRangeSliderStyle.swift in Sources */,
				8CE88EB82C3505D600765FC3 /* LinearValueMath.swift in Sources */,
				8C9127812C2AD1860010A7FD /* ImageCropApp.swift in Sources */,
				8CE88EB12C3505D600765FC3 /* HorizontalRangeTrack.swift in Sources */,
				8CE88EAE2C3505D600765FC3 /* DefaultHorizontalValueView.swift in Sources */,
				8CE88EBA2C3505D600765FC3 /* RangeSliderStyleConfiguration.swift in Sources */,
				8CE88EA92C3505D600765FC3 /* CropGIF.swift in Sources */,
				8CE88EB52C3505D600765FC3 /* EnvironmentValues+RangeSliderStyle.swift in Sources */,
				8CE88EB62C3505D600765FC3 /* HorizontalRangeSliderStyle.swift in Sources */,
				8CE88EAD2C3505D600765FC3 /* TrimLineView.swift in Sources */,
				8CE88EB22C3505D600765FC3 /* RangeTrackConfiguration.swift in Sources */,
				8CE88EB92C3505D600765FC3 /* RangeSliderStyle.swift in Sources */,
				8CE88EBC2C3505D600765FC3 /* RangeSliderOptions.swift in Sources */,
				8CE88EBB2C3505D600765FC3 /* RangeSlider.swift in Sources */,
				8CE88EAF2C3505D600765FC3 /* EnvironmentValues+RangeTrackConfiguration.swift in Sources */,
			);
			runOnlyForDeploymentPostprocessing = 0;
		};
/* End PBXSourcesBuildPhase section */

/* Begin XCBuildConfiguration section */
		8C9127892C2AD1870010A7FD /* Debug */ = {
			isa = XCBuildConfiguration;
			buildSettings = {
				ALWAYS_SEARCH_USER_PATHS = NO;
				ASSETCATALOG_COMPILER_GENERATE_SWIFT_ASSET_SYMBOL_EXTENSIONS = YES;
				CLANG_ANALYZER_NONNULL = YES;
				CLANG_ANALYZER_NUMBER_OBJECT_CONVERSION = YES_AGGRESSIVE;
				CLANG_CXX_LANGUAGE_STANDARD = "gnu++20";
				CLANG_ENABLE_MODULES = YES;
				CLANG_ENABLE_OBJC_ARC = YES;
				CLANG_ENABLE_OBJC_WEAK = YES;
				CLANG_WARN_BLOCK_CAPTURE_AUTORELEASING = YES;
				CLANG_WARN_BOOL_CONVERSION = YES;
				CLANG_WARN_COMMA = YES;
				CLANG_WARN_CONSTANT_CONVERSION = YES;
				CLANG_WARN_DEPRECATED_OBJC_IMPLEMENTATIONS = YES;
				CLANG_WARN_DIRECT_OBJC_ISA_USAGE = YES_ERROR;
				CLANG_WARN_DOCUMENTATION_COMMENTS = YES;
				CLANG_WARN_EMPTY_BODY = YES;
				CLANG_WARN_ENUM_CONVERSION = YES;
				CLANG_WARN_INFINITE_RECURSION = YES;
				CLANG_WARN_INT_CONVERSION = YES;
				CLANG_WARN_NON_LITERAL_NULL_CONVERSION = YES;
				CLANG_WARN_OBJC_IMPLICIT_RETAIN_SELF = YES;
				CLANG_WARN_OBJC_LITERAL_CONVERSION = YES;
				CLANG_WARN_OBJC_ROOT_CLASS = YES_ERROR;
				CLANG_WARN_QUOTED_INCLUDE_IN_FRAMEWORK_HEADER = YES;
				CLANG_WARN_RANGE_LOOP_ANALYSIS = YES;
				CLANG_WARN_STRICT_PROTOTYPES = YES;
				CLANG_WARN_SUSPICIOUS_MOVE = YES;
				CLANG_WARN_UNGUARDED_AVAILABILITY = YES_AGGRESSIVE;
				CLANG_WARN_UNREACHABLE_CODE = YES;
				CLANG_WARN__DUPLICATE_METHOD_MATCH = YES;
				COPY_PHASE_STRIP = NO;
				DEBUG_INFORMATION_FORMAT = dwarf;
				ENABLE_STRICT_OBJC_MSGSEND = YES;
				ENABLE_TESTABILITY = YES;
				ENABLE_USER_SCRIPT_SANDBOXING = YES;
				GCC_C_LANGUAGE_STANDARD = gnu17;
				GCC_DYNAMIC_NO_PIC = NO;
				GCC_NO_COMMON_BLOCKS = YES;
				GCC_OPTIMIZATION_LEVEL = 0;
				GCC_PREPROCESSOR_DEFINITIONS = (
					"DEBUG=1",
					"$(inherited)",
				);
				GCC_WARN_64_TO_32_BIT_CONVERSION = YES;
				GCC_WARN_ABOUT_RETURN_TYPE = YES_ERROR;
				GCC_WARN_UNDECLARED_SELECTOR = YES;
				GCC_WARN_UNINITIALIZED_AUTOS = YES_AGGRESSIVE;
				GCC_WARN_UNUSED_FUNCTION = YES;
				GCC_WARN_UNUSED_VARIABLE = YES;
				IPHONEOS_DEPLOYMENT_TARGET = 14.0;
				LOCALIZATION_PREFERS_STRING_CATALOGS = YES;
				MTL_ENABLE_DEBUG_INFO = INCLUDE_SOURCE;
				MTL_FAST_MATH = YES;
				ONLY_ACTIVE_ARCH = YES;
				SDKROOT = iphoneos;
				SWIFT_ACTIVE_COMPILATION_CONDITIONS = "DEBUG $(inherited)";
				SWIFT_OPTIMIZATION_LEVEL = "-Onone";
			};
			name = Debug;
		};
		8C91278A2C2AD1870010A7FD /* Release */ = {
			isa = XCBuildConfiguration;
			buildSettings = {
				ALWAYS_SEARCH_USER_PATHS = NO;
				ASSETCATALOG_COMPILER_GENERATE_SWIFT_ASSET_SYMBOL_EXTENSIONS = YES;
				CLANG_ANALYZER_NONNULL = YES;
				CLANG_ANALYZER_NUMBER_OBJECT_CONVERSION = YES_AGGRESSIVE;
				CLANG_CXX_LANGUAGE_STANDARD = "gnu++20";
				CLANG_ENABLE_MODULES = YES;
				CLANG_ENABLE_OBJC_ARC = YES;
				CLANG_ENABLE_OBJC_WEAK = YES;
				CLANG_WARN_BLOCK_CAPTURE_AUTORELEASING = YES;
				CLANG_WARN_BOOL_CONVERSION = YES;
				CLANG_WARN_COMMA = YES;
				CLANG_WARN_CONSTANT_CONVERSION = YES;
				CLANG_WARN_DEPRECATED_OBJC_IMPLEMENTATIONS = YES;
				CLANG_WARN_DIRECT_OBJC_ISA_USAGE = YES_ERROR;
				CLANG_WARN_DOCUMENTATION_COMMENTS = YES;
				CLANG_WARN_EMPTY_BODY = YES;
				CLANG_WARN_ENUM_CONVERSION = YES;
				CLANG_WARN_INFINITE_RECURSION = YES;
				CLANG_WARN_INT_CONVERSION = YES;
				CLANG_WARN_NON_LITERAL_NULL_CONVERSION = YES;
				CLANG_WARN_OBJC_IMPLICIT_RETAIN_SELF = YES;
				CLANG_WARN_OBJC_LITERAL_CONVERSION = YES;
				CLANG_WARN_OBJC_ROOT_CLASS = YES_ERROR;
				CLANG_WARN_QUOTED_INCLUDE_IN_FRAMEWORK_HEADER = YES;
				CLANG_WARN_RANGE_LOOP_ANALYSIS = YES;
				CLANG_WARN_STRICT_PROTOTYPES = YES;
				CLANG_WARN_SUSPICIOUS_MOVE = YES;
				CLANG_WARN_UNGUARDED_AVAILABILITY = YES_AGGRESSIVE;
				CLANG_WARN_UNREACHABLE_CODE = YES;
				CLANG_WARN__DUPLICATE_METHOD_MATCH = YES;
				COPY_PHASE_STRIP = NO;
				DEBUG_INFORMATION_FORMAT = "dwarf-with-dsym";
				ENABLE_NS_ASSERTIONS = NO;
				ENABLE_STRICT_OBJC_MSGSEND = YES;
				ENABLE_USER_SCRIPT_SANDBOXING = YES;
				GCC_C_LANGUAGE_STANDARD = gnu17;
				GCC_NO_COMMON_BLOCKS = YES;
				GCC_WARN_64_TO_32_BIT_CONVERSION = YES;
				GCC_WARN_ABOUT_RETURN_TYPE = YES_ERROR;
				GCC_WARN_UNDECLARED_SELECTOR = YES;
				GCC_WARN_UNINITIALIZED_AUTOS = YES_AGGRESSIVE;
				GCC_WARN_UNUSED_FUNCTION = YES;
				GCC_WARN_UNUSED_VARIABLE = YES;
				IPHONEOS_DEPLOYMENT_TARGET = 14.0;
				LOCALIZATION_PREFERS_STRING_CATALOGS = YES;
				MTL_ENABLE_DEBUG_INFO = NO;
				MTL_FAST_MATH = YES;
				SDKROOT = iphoneos;
				SWIFT_COMPILATION_MODE = wholemodule;
				VALIDATE_PRODUCT = YES;
			};
			name = Release;
		};
		8C91278C2C2AD1870010A7FD /* Debug */ = {
			isa = XCBuildConfiguration;
			buildSettings = {
				ASSETCATALOG_COMPILER_APPICON_NAME = AppIcon;
				ASSETCATALOG_COMPILER_GLOBAL_ACCENT_COLOR_NAME = AccentColor;
				CODE_SIGN_STYLE = Automatic;
				CURRENT_PROJECT_VERSION = 1;
				DEVELOPMENT_ASSET_PATHS = "\"ImageCrop/Preview Content\"";
				DEVELOPMENT_TEAM = 6WP8T4EX9F;
				ENABLE_PREVIEWS = YES;
				GENERATE_INFOPLIST_FILE = YES;
				INFOPLIST_KEY_NSPhotoLibraryUsageDescription = "";
				INFOPLIST_KEY_UIApplicationSceneManifest_Generation = YES;
				INFOPLIST_KEY_UIApplicationSupportsIndirectInputEvents = YES;
				INFOPLIST_KEY_UILaunchScreen_Generation = YES;
				INFOPLIST_KEY_UISupportedInterfaceOrientations_iPad = "UIInterfaceOrientationPortrait UIInterfaceOrientationPortraitUpsideDown UIInterfaceOrientationLandscapeLeft UIInterfaceOrientationLandscapeRight";
				INFOPLIST_KEY_UISupportedInterfaceOrientations_iPhone = "UIInterfaceOrientationPortrait UIInterfaceOrientationLandscapeLeft UIInterfaceOrientationLandscapeRight";
				IPHONEOS_DEPLOYMENT_TARGET = 14.0;
				LD_RUNPATH_SEARCH_PATHS = (
					"$(inherited)",
					"@executable_path/Frameworks",
				);
				MARKETING_VERSION = 1.0;
				PRODUCT_BUNDLE_IDENTIFIER = con.hu.ImageCrop;
				PRODUCT_NAME = "$(TARGET_NAME)";
				SWIFT_EMIT_LOC_STRINGS = YES;
				SWIFT_VERSION = 5.0;
				TARGETED_DEVICE_FAMILY = "1,2";
			};
			name = Debug;
		};
		8C91278D2C2AD1870010A7FD /* Release */ = {
			isa = XCBuildConfiguration;
			buildSettings = {
				ASSETCATALOG_COMPILER_APPICON_NAME = AppIcon;
				ASSETCATALOG_COMPILER_GLOBAL_ACCENT_COLOR_NAME = AccentColor;
				CODE_SIGN_STYLE = Automatic;
				CURRENT_PROJECT_VERSION = 1;
				DEVELOPMENT_ASSET_PATHS = "\"ImageCrop/Preview Content\"";
				DEVELOPMENT_TEAM = 6WP8T4EX9F;
				ENABLE_PREVIEWS = YES;
				GENERATE_INFOPLIST_FILE = YES;
				INFOPLIST_KEY_NSPhotoLibraryUsageDescription = "";
				INFOPLIST_KEY_UIApplicationSceneManifest_Generation = YES;
				INFOPLIST_KEY_UIApplicationSupportsIndirectInputEvents = YES;
				INFOPLIST_KEY_UILaunchScreen_Generation = YES;
				INFOPLIST_KEY_UISupportedInterfaceOrientations_iPad = "UIInterfaceOrientationPortrait UIInterfaceOrientationPortraitUpsideDown UIInterfaceOrientationLandscapeLeft UIInterfaceOrientationLandscapeRight";
				INFOPLIST_KEY_UISupportedInterfaceOrientations_iPhone = "UIInterfaceOrientationPortrait UIInterfaceOrientationLandscapeLeft UIInterfaceOrientationLandscapeRight";
				IPHONEOS_DEPLOYMENT_TARGET = 14.0;
				LD_RUNPATH_SEARCH_PATHS = (
					"$(inherited)",
					"@executable_path/Frameworks",
				);
				MARKETING_VERSION = 1.0;
				PRODUCT_BUNDLE_IDENTIFIER = con.hu.ImageCrop;
				PRODUCT_NAME = "$(TARGET_NAME)";
				SWIFT_EMIT_LOC_STRINGS = YES;
				SWIFT_VERSION = 5.0;
				TARGETED_DEVICE_FAMILY = "1,2";
			};
			name = Release;
		};
/* End XCBuildConfiguration section */

/* Begin XCConfigurationList section */
		8C9127782C2AD1860010A7FD /* Build configuration list for PBXProject "ImageCrop" */ = {
			isa = XCConfigurationList;
			buildConfigurations = (
				8C9127892C2AD1870010A7FD /* Debug */,
				8C91278A2C2AD1870010A7FD /* Release */,
			);
			defaultConfigurationIsVisible = 0;
			defaultConfigurationName = Release;
		};
		8C91278B2C2AD1870010A7FD /* Build configuration list for PBXNativeTarget "ImageCrop" */ = {
			isa = XCConfigurationList;
			buildConfigurations = (
				8C91278C2C2AD1870010A7FD /* Debug */,
				8C91278D2C2AD1870010A7FD /* Release */,
			);
			defaultConfigurationIsVisible = 0;
			defaultConfigurationName = Release;
		};
/* End XCConfigurationList section */

/* Begin XCLocalSwiftPackageReference section */
		8CE88EF02C35307900765FC3 /* XCLocalSwiftPackageReference "../../Brick_SwiftUI" */ = {
			isa = XCLocalSwiftPackageReference;
			relativePath = ../../Brick_SwiftUI;
		};
/* End XCLocalSwiftPackageReference section */

/* Begin XCSwiftPackageProductDependency section */
		8CE88EF12C35307900765FC3 /* BrickKit */ = {
			isa = XCSwiftPackageProductDependency;
			productName = BrickKit;
		};
/* End XCSwiftPackageProductDependency section */
	};
	rootObject = 8C9127752C2AD1860010A7FD /* Project object */;
}
